
Microsoft Visual Studio Solution File, Format Version 12.00
# Visual Studio Version 17
VisualStudioVersion = 17.10.34928.147
MinimumVisualStudioVersion = 10.0.40219.1
Project("{FAE04EC0-301F-11D3-BF4B-00C04F79EFBC}") = "ConsoleTestApp", "ConsoleTestApp\ConsoleTestApp.csproj", "{BB56DB3F-46D1-4830-A055-4FE3A9EC9708}"
EndProject
Project("{FAE04EC0-301F-11D3-BF4B-00C04F79EFBC}") = "ConsoleTestApp.Domain", "ConsoleTestApp.Domain.cs\ConsoleTestApp.Domain.csproj", "{74AD8A7A-26A0-4E58-A766-FE15C33C535B}"
EndProject
Project("{FAE04EC0-301F-11D3-BF4B-00C04F79EFBC}") = "ConsoleTestApp.Application", "ConsoleTestApp.Application\ConsoleTestApp.Application.csproj", "{8854869E-349F-449C-A1E8-6EE065C1F6FD}"
EndProject
Project("{FAE04EC0-301F-11D3-BF4B-00C04F79EFBC}") = "ConsoleTestApp.Infrastructure", "ConsoleTestApp.Infrastructure\ConsoleTestApp.Infrastructure.csproj", "{56281FD5-B266-457E-AD8D-94D97CCB7F72}"
EndProject
Global
	GlobalSection(SolutionConfigurationPlatforms) = preSolution
		Debug|Any CPU = Debug|Any CPU
		Release|Any CPU = Release|Any CPU
	EndGlobalSection
	GlobalSection(ProjectConfigurationPlatforms) = postSolution
		{BB56DB3F-46D1-4830-A055-4FE3A9EC9708}.Debug|Any CPU.ActiveCfg = Debug|Any CPU
		{BB56DB3F-46D1-4830-A055-4FE3A9EC9708}.Debug|Any CPU.Build.0 = Debug|Any CPU
		{BB56DB3F-46D1-4830-A055-4FE3A9EC9708}.Release|Any CPU.ActiveCfg = Release|Any CPU
		{BB56DB3F-46D1-4830-A055-4FE3A9EC9708}.Release|Any CPU.Build.0 = Release|Any CPU
		{74AD8A7A-26A0-4E58-A766-FE15C33C535B}.Debug|Any CPU.ActiveCfg = Debug|Any CPU
		{74AD8A7A-26A0-4E58-A766-FE15C33C535B}.Debug|Any CPU.Build.0 = Debug|Any CPU
		{74AD8A7A-26A0-4E58-A766-FE15C33C535B}.Release|Any CPU.ActiveCfg = Release|Any CPU
		{74AD8A7A-26A0-4E58-A766-FE15C33C535B}.Release|Any CPU.Build.0 = Release|Any CPU
		{8854869E-349F-449C-A1E8-6EE065C1F6FD}.Debug|Any CPU.ActiveCfg = Debug|Any CPU
		{8854869E-349F-449C-A1E8-6EE065C1F6FD}.Debug|Any CPU.Build.0 = Debug|Any CPU
		{8854869E-349F-449C-A1E8-6EE065C1F6FD}.Release|Any CPU.ActiveCfg = Release|Any CPU
		{8854869E-349F-449C-A1E8-6EE065C1F6FD}.Release|Any CPU.Build.0 = Release|Any CPU
		{56281FD5-B266-457E-AD8D-94D97CCB7F72}.Debug|Any CPU.ActiveCfg = Debug|Any CPU
		{56281FD5-B266-457E-AD8D-94D97CCB7F72}.Debug|Any CPU.Build.0 = Debug|Any CPU
		{56281FD5-B266-457E-AD8D-94D97CCB7F72}.Release|Any CPU.ActiveCfg = Release|Any CPU
		{56281FD5-B266-457E-AD8D-94D97CCB7F72}.Release|Any CPU.Build.0 = Release|Any CPU
	EndGlobalSection
	GlobalSection(SolutionProperties) = preSolution
		HideSolutionNode = FALSE
	EndGlobalSection
	GlobalSection(ExtensibilityGlobals) = postSolution
		SolutionGuid = {1ED70450-E2F2-4741-874B-63DE34CC01F1}
	EndGlobalSection
EndGlobal
